# THIS IS AN AUTOGENERATED FILE. DO NOT EDIT THIS FILE DIRECTLY.
# yarn lockfile v1


"@urql/core@^1.12.3":
  version "1.12.3"
  resolved "https://registry.yarnpkg.com/@urql/core/-/core-1.12.3.tgz#74f7b8e073cf706380bb3dd28484b8136cc96905"
  integrity sha512-e4IXXQ4nes3KyusgYV925DuzfDAfo4ex7Ls3tZfOExkxEcXh0i0XnizXp0rvZmWRch69YCkc+Lh1Gy2aY49HTQ==
  dependencies:
    wonka "^4.0.14"

define-properties@^1.1.2, define-properties@^1.1.3:
  version "1.1.3"
  resolved "https://registry.yarnpkg.com/define-properties/-/define-properties-1.1.3.tgz#cf88da6cbee26fe6db7094f61d870cbd84cee9f1"
  integrity sha512-3MqfYKj2lLzdMSf8ZIZE/V+Zuy+BgD6f164e8K2w7dgnpKArBDerGYpM46IYYcjnkdPNMjPk9A6VFB8+3SKlXQ==
  dependencies:
    object-keys "^1.0.12"

es-abstract@^1.17.5:
  version "1.17.6"
  resolved "https://registry.yarnpkg.com/es-abstract/-/es-abstract-1.17.6.tgz#9142071707857b2cacc7b89ecb670316c3e2d52a"
  integrity sha512-Fr89bON3WFyUi5EvAeI48QTWX0AyekGgLA8H+c+7fbfCkJwRWRMLd8CQedNEyJuoYYhmtEqY92pgte1FAhBlhw==
  dependencies:
    es-to-primitive "^1.2.1"
    function-bind "^1.1.1"
    has "^1.0.3"
    has-symbols "^1.0.1"
    is-callable "^1.2.0"
    is-regex "^1.1.0"
    object-inspect "^1.7.0"
    object-keys "^1.1.1"
    object.assign "^4.1.0"
    string.prototype.trimend "^1.0.1"
    string.prototype.trimstart "^1.0.1"

es-to-primitive@^1.2.1:
  version "1.2.1"
  resolved "https://registry.yarnpkg.com/es-to-primitive/-/es-to-primitive-1.2.1.tgz#e55cd4c9cdc188bcefb03b366c736323fc5c898a"
  integrity sha512-QCOllgZJtaUo9miYBcLChTUaHNjJF3PYs1VidD7AwiEj1kYxKeQTctLAezAOH5ZKRH0g2IgPn6KwB4IT8iRpvA==
  dependencies:
    is-callable "^1.1.4"
    is-date-object "^1.0.1"
    is-symbol "^1.0.2"

function-bind@^1.1.1:
  version "1.1.1"
  resolved "https://registry.yarnpkg.com/function-bind/-/function-bind-1.1.1.tgz#a56899d3ea3c9bab874bb9773b7c5ede92f4895d"
  integrity sha512-yIovAzMX49sF8Yl58fSCWJ5svSLuaibPxXQJFLmBObTuCr0Mf1KiPopGM9NiFjiYBCbfaa2Fh6breQ6ANVTI0A==

has-symbols@^1.0.0, has-symbols@^1.0.1:
  version "1.0.1"
  resolved "https://registry.yarnpkg.com/has-symbols/-/has-symbols-1.0.1.tgz#9f5214758a44196c406d9bd76cebf81ec2dd31e8"
  integrity sha512-PLcsoqu++dmEIZB+6totNFKq/7Do+Z0u4oT0zKOJNl3lYK6vGwwu2hjHs+68OEZbTjiUE9bgOABXbP/GvrS0Kg==

has@^1.0.3:
  version "1.0.3"
  resolved "https://registry.yarnpkg.com/has/-/has-1.0.3.tgz#722d7cbfc1f6aa8241f16dd814e011e1f41e8796"
  integrity sha512-f2dvO0VU6Oej7RkWJGrehjbzMAjFp5/VKPp5tTpWIV4JHHZK1/BxbFRtf/siA2SWTe09caDmVtYYzWEIbBS4zw==
  dependencies:
    function-bind "^1.1.1"

is-callable@^1.1.4, is-callable@^1.2.0:
  version "1.2.0"
  resolved "https://registry.yarnpkg.com/is-callable/-/is-callable-1.2.0.tgz#83336560b54a38e35e3a2df7afd0454d691468bb"
  integrity sha512-pyVD9AaGLxtg6srb2Ng6ynWJqkHU9bEM087AKck0w8QwDarTfNcpIYoU8x8Hv2Icm8u6kFJM18Dag8lyqGkviw==

is-date-object@^1.0.1:
  version "1.0.2"
  resolved "https://registry.yarnpkg.com/is-date-object/-/is-date-object-1.0.2.tgz#bda736f2cd8fd06d32844e7743bfa7494c3bfd7e"
  integrity sha512-USlDT524woQ08aoZFzh3/Z6ch9Y/EWXEHQ/AaRN0SkKq4t2Jw2R2339tSXmwuVoY7LLlBCbOIlx2myP/L5zk0g==

is-regex@^1.1.0:
  version "1.1.1"
  resolved "https://registry.yarnpkg.com/is-regex/-/is-regex-1.1.1.tgz#c6f98aacc546f6cec5468a07b7b153ab564a57b9"
  integrity sha512-1+QkEcxiLlB7VEyFtyBg94e08OAsvq7FUBgApTq/w2ymCLyKJgDPsybBENVtA7XCQEgEXxKPonG+mvYRxh/LIg==
  dependencies:
    has-symbols "^1.0.1"

is-symbol@^1.0.2:
  version "1.0.3"
  resolved "https://registry.yarnpkg.com/is-symbol/-/is-symbol-1.0.3.tgz#38e1014b9e6329be0de9d24a414fd7441ec61937"
  integrity sha512-OwijhaRSgqvhm/0ZdAcXNZt9lYdKFpcRDT5ULUuYXPoT794UNOdU+gpT6Rzo7b4V2HUl/op6GqY894AZwv9faQ==
  dependencies:
    has-symbols "^1.0.1"

isomorphic-unfetch@^3.0.0:
  version "3.0.0"
  resolved "https://registry.yarnpkg.com/isomorphic-unfetch/-/isomorphic-unfetch-3.0.0.tgz#de6d80abde487b17de2c400a7ef9e5ecc2efb362"
  integrity sha512-V0tmJSYfkKokZ5mgl0cmfQMTb7MLHsBMngTkbLY0eXvKqiVRRoZP04Ly+KhKrJfKtzC9E6Pp15Jo+bwh7Vi2XQ==
  dependencies:
    node-fetch "^2.2.0"
    unfetch "^4.0.0"

next-urql@^1.1.0:
  version "1.1.0"
  resolved "https://registry.yarnpkg.com/next-urql/-/next-urql-1.1.0.tgz#9cec0dbdc2005a0d4f12e764ff59e84a97791737"
  integrity sha512-7yrIBaggSvsRzDIDSObA2SWX8hP9fHkdPqqX2moTqDnXNDkBWnzkkGyi+GUcuLi/maX0nL69Aa3hC4oAZaSlUQ==
  dependencies:
    react-ssr-prepass "^1.2.1"
    urql ">=1.10.0"

node-fetch@^2.2.0:
  version "2.6.0"
  resolved "https://registry.yarnpkg.com/node-fetch/-/node-fetch-2.6.0.tgz#e633456386d4aa55863f676a7ab0daa8fdecb0fd"
  integrity sha512-8dG4H5ujfvFiqDmVu9fQ5bOHUC15JMjMY/Zumv26oOvvVJjM67KF8koCWIabKQ1GJIa9r2mMZscBq/TbdOcmNA==

object-inspect@^1.7.0:
  version "1.8.0"
  resolved "https://registry.yarnpkg.com/object-inspect/-/object-inspect-1.8.0.tgz#df807e5ecf53a609cc6bfe93eac3cc7be5b3a9d0"
  integrity sha512-jLdtEOB112fORuypAyl/50VRVIBIdVQOSUUGQHzJ4xBSbit81zRarz7GThkEFZy1RceYrWYcPcBFPQwHyAc1gA==

object-is@^1.1.2:
  version "1.1.2"
  resolved "https://registry.yarnpkg.com/object-is/-/object-is-1.1.2.tgz#c5d2e87ff9e119f78b7a088441519e2eec1573b6"
  integrity sha512-5lHCz+0uufF6wZ7CRFWJN3hp8Jqblpgve06U5CMQ3f//6iDjPr2PEo9MWCjEssDsa+UZEL4PkFpr+BMop6aKzQ==
  dependencies:
    define-properties "^1.1.3"
    es-abstract "^1.17.5"

object-keys@^1.0.11, object-keys@^1.0.12, object-keys@^1.1.1:
  version "1.1.1"
  resolved "https://registry.yarnpkg.com/object-keys/-/object-keys-1.1.1.tgz#1c47f272df277f3b1daf061677d9c82e2322c60e"
  integrity sha512-NuAESUOUMrlIXOfHKzD6bpPu3tYt3xvjNdRIQ+FeT0lNb4K8WR70CaDxhuNguS2XG+GjkyMwOzsN5ZktImfhLA==

object.assign@^4.1.0:
  version "4.1.0"
  resolved "https://registry.yarnpkg.com/object.assign/-/object.assign-4.1.0.tgz#968bf1100d7956bb3ca086f006f846b3bc4008da"
  integrity sha512-exHJeq6kBKj58mqGyTQ9DFvrZC/eR6OwxzoM9YRoGBqrXYonaFyGiFMuc9VZrXf7DarreEwMpurG3dd+CNyW5w==
  dependencies:
    define-properties "^1.1.2"
    function-bind "^1.1.1"
    has-symbols "^1.0.0"
    object-keys "^1.0.11"

react-is@^16.13.1:
  version "16.13.1"
  resolved "https://registry.yarnpkg.com/react-is/-/react-is-16.13.1.tgz#789729a4dc36de2999dc156dd6c1d9c18cea56a4"
  integrity sha512-24e6ynE2H+OKt4kqsOvNd8kBpV65zoxbA4BVsEOB3ARVWQki/DHzaUoC5KuON/BiccDaCCTZBuOcfZs70kR8bQ==

react-ssr-prepass@^1.2.1:
  version "1.2.1"
  resolved "https://registry.yarnpkg.com/react-ssr-prepass/-/react-ssr-prepass-1.2.1.tgz#ba867bbe60714f42977dbe1ef9b8ff469b950602"
  integrity sha512-8hMhx9zXyEZ+t4oI0chPInxm/HpjrmvNuZxI5TmIXbORYmIV2CnK4WVPTdm/7Iq+3/6RAiNxTNZSQyUu5irX4Q==
  dependencies:
    object-is "^1.1.2"

string.prototype.trimend@^1.0.1:
  version "1.0.1"
  resolved "https://registry.yarnpkg.com/string.prototype.trimend/-/string.prototype.trimend-1.0.1.tgz#85812a6b847ac002270f5808146064c995fb6913"
  integrity sha512-LRPxFUaTtpqYsTeNKaFOw3R4bxIzWOnbQ837QfBylo8jIxtcbK/A/sMV7Q+OAV/vWo+7s25pOE10KYSjaSO06g==
  dependencies:
    define-properties "^1.1.3"
    es-abstract "^1.17.5"

string.prototype.trimstart@^1.0.1:
  version "1.0.1"
  resolved "https://registry.yarnpkg.com/string.prototype.trimstart/-/string.prototype.trimstart-1.0.1.tgz#14af6d9f34b053f7cfc89b72f8f2ee14b9039a54"
  integrity sha512-XxZn+QpvrBI1FOcg6dIpxUPgWCPuNXvMD72aaRaUQv1eD4e/Qy8i/hFTe0BUmD60p/QA6bh1avmuPTfNjqVWRw==
  dependencies:
    define-properties "^1.1.3"
    es-abstract "^1.17.5"

unfetch@^4.0.0:
  version "4.1.0"
  resolved "https://registry.yarnpkg.com/unfetch/-/unfetch-4.1.0.tgz#6ec2dd0de887e58a4dee83a050ded80ffc4137db"
  integrity sha512-crP/n3eAPUJxZXM9T80/yv0YhkTEx2K1D3h7D1AJM6fzsWZrxdyRuLN0JH/dkZh1LNH8LxCnBzoPFCPbb2iGpg==

urql@>=1.10.0:
  version "1.10.0"
  resolved "https://registry.yarnpkg.com/urql/-/urql-1.10.0.tgz#609f13891d3c5345635764b71b072edd88a1ae7e"
  integrity sha512-Cxx1INTWNUMg9A2gyltqNqukOLFVtztkHxFGfv01OvsFAtR+wCmLyJqIzGUZRKVbKepTLocGbelS7QDxtjcqtg==
  dependencies:
    "@urql/core" "^1.12.3"
    wonka "^4.0.14"

wonka@^4.0.14:
  version "4.0.14"
  resolved "https://registry.yarnpkg.com/wonka/-/wonka-4.0.14.tgz#77d680a84e575ed15a9f975eb87d6c530488f3a4"
  integrity sha512-v9vmsTxpZjrA8CYfztbuoTQSHEsG3ZH+NCYfasHm0V3GqBupXrjuuz0RJyUaw2cRO7ouW2js0P6i853/qxlDcA==
